PODS:
  - Flutter (1.0.0)
  - flutter_bluetooth_print_plugin (0.0.1):
    - Flutter

DEPENDENCIES:
  - Flutter (from `.symlinks/flutter/ios`)
  - flutter_bluetooth_print_plugin (from `.symlinks/plugins/flutter_bluetooth_print_plugin/ios`)

EXTERNAL SOURCES:
  Flutter:
    :path: ".symlinks/flutter/ios"
  flutter_bluetooth_print_plugin:
    :path: ".symlinks/plugins/flutter_bluetooth_print_plugin/ios"

SPEC CHECKSUMS:
  Flutter: 0e3d915762c693b495b44d77113d4970485de6ec
  flutter_bluetooth_print_plugin: 9206ab69c0dc611b7407d717bc400958488d96a3

PODFILE CHECKSUM: b6a0a141693093b304368d08511b46cf3d1d0ac5

COCOAPODS: 1.8.4
